
Microsoft Visual Studio Solution File, Format Version 12.00
# Visual Studio Version 17
VisualStudioVersion = 17.5.33516.290
MinimumVisualStudioVersion = 10.0.40219.1
Project("{FAE04EC0-301F-11D3-BF4B-00C04F79EFBC}") = "DS1", "DS1.csproj", "{843CF51C-528A-4D88-AB9B-AC5213D84091}"
EndProject
Global
	GlobalSection(SolutionConfigurationPlatforms) = preSolution
		Debug|Any CPU = Debug|Any CPU
		Release|Any CPU = Release|Any CPU
	EndGlobalSection
	GlobalSection(ProjectConfigurationPlatforms) = postSolution
		{843CF51C-528A-4D88-AB9B-AC5213D84091}.Debug|Any CPU.ActiveCfg = Debug|Any CPU
		{843CF51C-528A-4D88-AB9B-AC5213D84091}.Debug|Any CPU.Build.0 = Debug|Any CPU
		{843CF51C-528A-4D88-AB9B-AC5213D84091}.Release|Any CPU.ActiveCfg = Release|Any CPU
		{843CF51C-528A-4D88-AB9B-AC5213D84091}.Release|Any CPU.Build.0 = Release|Any CPU
	EndGlobalSection
	GlobalSection(SolutionProperties) = preSolution
		HideSolutionNode = FALSE
	EndGlobalSection
	GlobalSection(ExtensibilityGlobals) = postSolution
		SolutionGuid = {DA0FEC3B-6212-41ED-AABA-773659BE43B7}
	EndGlobalSection
EndGlobal
