
Microsoft Visual Studio Solution File, Format Version 12.00
# Visual Studio Version 17
VisualStudioVersion = 17.3.32825.248
MinimumVisualStudioVersion = 10.0.40219.1
Project("{FAE04EC0-301F-11D3-BF4B-00C04F79EFBC}") = "seminar2", "seminar2.csproj", "{2184BE8D-B2E6-490F-8491-871EAC879291}"
EndProject
Global
	GlobalSection(SolutionConfigurationPlatforms) = preSolution
		Debug|Any CPU = Debug|Any CPU
		Release|Any CPU = Release|Any CPU
	EndGlobalSection
	GlobalSection(ProjectConfigurationPlatforms) = postSolution
		{2184BE8D-B2E6-490F-8491-871EAC879291}.Debug|Any CPU.ActiveCfg = Debug|Any CPU
		{2184BE8D-B2E6-490F-8491-871EAC879291}.Debug|Any CPU.Build.0 = Debug|Any CPU
		{2184BE8D-B2E6-490F-8491-871EAC879291}.Release|Any CPU.ActiveCfg = Release|Any CPU
		{2184BE8D-B2E6-490F-8491-871EAC879291}.Release|Any CPU.Build.0 = Release|Any CPU
	EndGlobalSection
	GlobalSection(SolutionProperties) = preSolution
		HideSolutionNode = FALSE
	EndGlobalSection
	GlobalSection(ExtensibilityGlobals) = postSolution
		SolutionGuid = {B3CA9B11-8088-43FF-90D7-C55990D918EB}
	EndGlobalSection
EndGlobal
