
Microsoft Visual Studio Solution File, Format Version 12.00
# Visual Studio Version 17
VisualStudioVersion = 17.5.33516.290
MinimumVisualStudioVersion = 10.0.40219.1
Project("{FAE04EC0-301F-11D3-BF4B-00C04F79EFBC}") = "seminar4", "seminar4.csproj", "{8D8C5158-8E00-4A1D-A2A1-C3E7497DBBFA}"
EndProject
Global
	GlobalSection(SolutionConfigurationPlatforms) = preSolution
		Debug|Any CPU = Debug|Any CPU
		Release|Any CPU = Release|Any CPU
	EndGlobalSection
	GlobalSection(ProjectConfigurationPlatforms) = postSolution
		{8D8C5158-8E00-4A1D-A2A1-C3E7497DBBFA}.Debug|Any CPU.ActiveCfg = Debug|Any CPU
		{8D8C5158-8E00-4A1D-A2A1-C3E7497DBBFA}.Debug|Any CPU.Build.0 = Debug|Any CPU
		{8D8C5158-8E00-4A1D-A2A1-C3E7497DBBFA}.Release|Any CPU.ActiveCfg = Release|Any CPU
		{8D8C5158-8E00-4A1D-A2A1-C3E7497DBBFA}.Release|Any CPU.Build.0 = Release|Any CPU
	EndGlobalSection
	GlobalSection(SolutionProperties) = preSolution
		HideSolutionNode = FALSE
	EndGlobalSection
	GlobalSection(ExtensibilityGlobals) = postSolution
		SolutionGuid = {6720DA00-48F1-4655-908C-55994FF33DFB}
	EndGlobalSection
EndGlobal
