
Microsoft Visual Studio Solution File, Format Version 12.00
# Visual Studio Version 17
VisualStudioVersion = 17.5.33516.290
MinimumVisualStudioVersion = 10.0.40219.1
Project("{9A19103F-16F7-4668-BE54-9A1E7A4F7556}") = "Greedy", "Greedy.csproj", "{AF9E1668-79C8-47BF-A149-2E4720666DEB}"
EndProject
Global
	GlobalSection(SolutionConfigurationPlatforms) = preSolution
		Debug|Any CPU = Debug|Any CPU
		Release|Any CPU = Release|Any CPU
	EndGlobalSection
	GlobalSection(ProjectConfigurationPlatforms) = postSolution
		{AF9E1668-79C8-47BF-A149-2E4720666DEB}.Debug|Any CPU.ActiveCfg = Debug|Any CPU
		{AF9E1668-79C8-47BF-A149-2E4720666DEB}.Debug|Any CPU.Build.0 = Debug|Any CPU
		{AF9E1668-79C8-47BF-A149-2E4720666DEB}.Release|Any CPU.ActiveCfg = Release|Any CPU
		{AF9E1668-79C8-47BF-A149-2E4720666DEB}.Release|Any CPU.Build.0 = Release|Any CPU
	EndGlobalSection
	GlobalSection(SolutionProperties) = preSolution
		HideSolutionNode = FALSE
	EndGlobalSection
	GlobalSection(ExtensibilityGlobals) = postSolution
		SolutionGuid = {A1D3DFA9-0BB3-44B6-BDC6-384B86A8CB79}
	EndGlobalSection
EndGlobal
